
Microsoft Visual Studio Solution File, Format Version 12.00
# Visual Studio Version 17
VisualStudioVersion = 17.0.31903.59
MinimumVisualStudioVersion = 10.0.40219.1
Project("{2150E333-8FDC-42A3-9474-1A3956D46DE8}") = "src", "src", "{827E0CD3-B72D-47B6-A68D-7590B98EB39B}"
EndProject
Project("{FAE04EC0-301F-11D3-BF4B-00C04F79EFBC}") = "Warehouse.Wms.Domain", "src\Warehouse.Wms.Domain\Warehouse.Wms.Domain.csproj", "{8A33DBD8-C216-492A-82D7-867103DA496E}"
EndProject
Project("{FAE04EC0-301F-11D3-BF4B-00C04F79EFBC}") = "Warehouse.Wms.Application", "src\Warehouse.Wms.Application\Warehouse.Wms.Application.csproj", "{DBFBB8B4-AC4E-477A-9BDD-2AA8930D5231}"
EndProject
Project("{FAE04EC0-301F-11D3-BF4B-00C04F79EFBC}") = "Warehouse.Wms.Infrastructure", "src\Warehouse.Wms.Infrastructure\Warehouse.Wms.Infrastructure.csproj", "{82703C6A-CFBE-4242-BFDA-C2807595E4C4}"
EndProject
Project("{FAE04EC0-301F-11D3-BF4B-00C04F79EFBC}") = "Warehouse.DeviceGateway", "src\Warehouse.DeviceGateway\Warehouse.DeviceGateway.csproj", "{DCF23716-BD23-4ECE-B855-EE55298B5D68}"
EndProject
Project("{FAE04EC0-301F-11D3-BF4B-00C04F79EFBC}") = "Warehouse.Wms.Api", "src\Warehouse.Wms.Api\Warehouse.Wms.Api.csproj", "{B7D512E9-F4E5-4A1D-99C4-7ABEEBDB559E}"
EndProject
Project("{FAE04EC0-301F-11D3-BF4B-00C04F79EFBC}") = "Warehouse.Wms.UnitTests", "tests\Warehouse.Wms.UnitTests\Warehouse.Wms.UnitTests.csproj", "{60F4EAC5-B4A0-4830-9427-E8E8453A9B22}"
EndProject
Project("{FAE04EC0-301F-11D3-BF4B-00C04F79EFBC}") = "Warehouse.Wms.IntegrationTests", "tests\Warehouse.Wms.IntegrationTests\Warehouse.Wms.IntegrationTests.csproj", "{CB25EFB3-EFF4-4A03-AB59-F98C0794BC26}"
EndProject
Project("{FAE04EC0-301F-11D3-BF4B-00C04F79EFBC}") = "Warehouse.DeviceGateway.ContractTests", "tests\Warehouse.DeviceGateway.ContractTests\Warehouse.DeviceGateway.ContractTests.csproj", "{57A117AD-15C9-4F7C-9AFA-604DE26BB2AF}"
EndProject
Global
	GlobalSection(SolutionConfigurationPlatforms) = preSolution
		Debug|Any CPU = Debug|Any CPU
		Debug|x64 = Debug|x64
		Debug|x86 = Debug|x86
		Release|Any CPU = Release|Any CPU
		Release|x64 = Release|x64
		Release|x86 = Release|x86
	EndGlobalSection
	GlobalSection(ProjectConfigurationPlatforms) = postSolution
		{8A33DBD8-C216-492A-82D7-867103DA496E}.Debug|Any CPU.ActiveCfg = Debug|Any CPU
		{8A33DBD8-C216-492A-82D7-867103DA496E}.Debug|Any CPU.Build.0 = Debug|Any CPU
		{8A33DBD8-C216-492A-82D7-867103DA496E}.Debug|x64.ActiveCfg = Debug|Any CPU
		{8A33DBD8-C216-492A-82D7-867103DA496E}.Debug|x64.Build.0 = Debug|Any CPU
		{8A33DBD8-C216-492A-82D7-867103DA496E}.Debug|x86.ActiveCfg = Debug|Any CPU
		{8A33DBD8-C216-492A-82D7-867103DA496E}.Debug|x86.Build.0 = Debug|Any CPU
		{8A33DBD8-C216-492A-82D7-867103DA496E}.Release|Any CPU.ActiveCfg = Release|Any CPU
		{8A33DBD8-C216-492A-82D7-867103DA496E}.Release|Any CPU.Build.0 = Release|Any CPU
		{8A33DBD8-C216-492A-82D7-867103DA496E}.Release|x64.ActiveCfg = Release|Any CPU
		{8A33DBD8-C216-492A-82D7-867103DA496E}.Release|x64.Build.0 = Release|Any CPU
		{8A33DBD8-C216-492A-82D7-867103DA496E}.Release|x86.ActiveCfg = Release|Any CPU
		{8A33DBD8-C216-492A-82D7-867103DA496E}.Release|x86.Build.0 = Release|Any CPU
		{DBFBB8B4-AC4E-477A-9BDD-2AA8930D5231}.Debug|Any CPU.ActiveCfg = Debug|Any CPU
		{DBFBB8B4-AC4E-477A-9BDD-2AA8930D5231}.Debug|Any CPU.Build.0 = Debug|Any CPU
		{DBFBB8B4-AC4E-477A-9BDD-2AA8930D5231}.Debug|x64.ActiveCfg = Debug|Any CPU
		{DBFBB8B4-AC4E-477A-9BDD-2AA8930D5231}.Debug|x64.Build.0 = Debug|Any CPU
		{DBFBB8B4-AC4E-477A-9BDD-2AA8930D5231}.Debug|x86.ActiveCfg = Debug|Any CPU
		{DBFBB8B4-AC4E-477A-9BDD-2AA8930D5231}.Debug|x86.Build.0 = Debug|Any CPU
		{DBFBB8B4-AC4E-477A-9BDD-2AA8930D5231}.Release|Any CPU.ActiveCfg = Release|Any CPU
		{DBFBB8B4-AC4E-477A-9BDD-2AA8930D5231}.Release|Any CPU.Build.0 = Release|Any CPU
		{DBFBB8B4-AC4E-477A-9BDD-2AA8930D5231}.Release|x64.ActiveCfg = Release|Any CPU
		{DBFBB8B4-AC4E-477A-9BDD-2AA8930D5231}.Release|x64.Build.0 = Release|Any CPU
		{DBFBB8B4-AC4E-477A-9BDD-2AA8930D5231}.Release|x86.ActiveCfg = Release|Any CPU
		{DBFBB8B4-AC4E-477A-9BDD-2AA8930D5231}.Release|x86.Build.0 = Release|Any CPU
		{82703C6A-CFBE-4242-BFDA-C2807595E4C4}.Debug|Any CPU.ActiveCfg = Debug|Any CPU
		{82703C6A-CFBE-4242-BFDA-C2807595E4C4}.Debug|Any CPU.Build.0 = Debug|Any CPU
		{82703C6A-CFBE-4242-BFDA-C2807595E4C4}.Debug|x64.ActiveCfg = Debug|Any CPU
		{82703C6A-CFBE-4242-BFDA-C2807595E4C4}.Debug|x64.Build.0 = Debug|Any CPU
		{82703C6A-CFBE-4242-BFDA-C2807595E4C4}.Debug|x86.ActiveCfg = Debug|Any CPU
		{82703C6A-CFBE-4242-BFDA-C2807595E4C4}.Debug|x86.Build.0 = Debug|Any CPU
		{82703C6A-CFBE-4242-BFDA-C2807595E4C4}.Release|Any CPU.ActiveCfg = Release|Any CPU
		{82703C6A-CFBE-4242-BFDA-C2807595E4C4}.Release|Any CPU.Build.0 = Release|Any CPU
		{82703C6A-CFBE-4242-BFDA-C2807595E4C4}.Release|x64.ActiveCfg = Release|Any CPU
		{82703C6A-CFBE-4242-BFDA-C2807595E4C4}.Release|x64.Build.0 = Release|Any CPU
		{82703C6A-CFBE-4242-BFDA-C2807595E4C4}.Release|x86.ActiveCfg = Release|Any CPU
		{82703C6A-CFBE-4242-BFDA-C2807595E4C4}.Release|x86.Build.0 = Release|Any CPU
		{DCF23716-BD23-4ECE-B855-EE55298B5D68}.Debug|Any CPU.ActiveCfg = Debug|Any CPU
		{DCF23716-BD23-4ECE-B855-EE55298B5D68}.Debug|Any CPU.Build.0 = Debug|Any CPU
		{DCF23716-BD23-4ECE-B855-EE55298B5D68}.Debug|x64.ActiveCfg = Debug|Any CPU
		{DCF23716-BD23-4ECE-B855-EE55298B5D68}.Debug|x64.Build.0 = Debug|Any CPU
		{DCF23716-BD23-4ECE-B855-EE55298B5D68}.Debug|x86.ActiveCfg = Debug|Any CPU
		{DCF23716-BD23-4ECE-B855-EE55298B5D68}.Debug|x86.Build.0 = Debug|Any CPU
		{DCF23716-BD23-4ECE-B855-EE55298B5D68}.Release|Any CPU.ActiveCfg = Release|Any CPU
		{DCF23716-BD23-4ECE-B855-EE55298B5D68}.Release|Any CPU.Build.0 = Release|Any CPU
		{DCF23716-BD23-4ECE-B855-EE55298B5D68}.Release|x64.ActiveCfg = Release|Any CPU
		{DCF23716-BD23-4ECE-B855-EE55298B5D68}.Release|x64.Build.0 = Release|Any CPU
		{DCF23716-BD23-4ECE-B855-EE55298B5D68}.Release|x86.ActiveCfg = Release|Any CPU
		{DCF23716-BD23-4ECE-B855-EE55298B5D68}.Release|x86.Build.0 = Release|Any CPU
		{B7D512E9-F4E5-4A1D-99C4-7ABEEBDB559E}.Debug|Any CPU.ActiveCfg = Debug|Any CPU
		{B7D512E9-F4E5-4A1D-99C4-7ABEEBDB559E}.Debug|Any CPU.Build.0 = Debug|Any CPU
		{B7D512E9-F4E5-4A1D-99C4-7ABEEBDB559E}.Debug|x64.ActiveCfg = Debug|Any CPU
		{B7D512E9-F4E5-4A1D-99C4-7ABEEBDB559E}.Debug|x64.Build.0 = Debug|Any CPU
		{B7D512E9-F4E5-4A1D-99C4-7ABEEBDB559E}.Debug|x86.ActiveCfg = Debug|Any CPU
		{B7D512E9-F4E5-4A1D-99C4-7ABEEBDB559E}.Debug|x86.Build.0 = Debug|Any CPU
		{B7D512E9-F4E5-4A1D-99C4-7ABEEBDB559E}.Release|Any CPU.ActiveCfg = Release|Any CPU
		{B7D512E9-F4E5-4A1D-99C4-7ABEEBDB559E}.Release|Any CPU.Build.0 = Release|Any CPU
		{B7D512E9-F4E5-4A1D-99C4-7ABEEBDB559E}.Release|x64.ActiveCfg = Release|Any CPU
		{B7D512E9-F4E5-4A1D-99C4-7ABEEBDB559E}.Release|x64.Build.0 = Release|Any CPU
		{B7D512E9-F4E5-4A1D-99C4-7ABEEBDB559E}.Release|x86.ActiveCfg = Release|Any CPU
		{B7D512E9-F4E5-4A1D-99C4-7ABEEBDB559E}.Release|x86.Build.0 = Release|Any CPU
		{60F4EAC5-B4A0-4830-9427-E8E8453A9B22}.Debug|Any CPU.ActiveCfg = Debug|Any CPU
		{60F4EAC5-B4A0-4830-9427-E8E8453A9B22}.Debug|Any CPU.Build.0 = Debug|Any CPU
		{60F4EAC5-B4A0-4830-9427-E8E8453A9B22}.Debug|x64.ActiveCfg = Debug|Any CPU
		{60F4EAC5-B4A0-4830-9427-E8E8453A9B22}.Debug|x64.Build.0 = Debug|Any CPU
		{60F4EAC5-B4A0-4830-9427-E8E8453A9B22}.Debug|x86.ActiveCfg = Debug|Any CPU
		{60F4EAC5-B4A0-4830-9427-E8E8453A9B22}.Debug|x86.Build.0 = Debug|Any CPU
		{60F4EAC5-B4A0-4830-9427-E8E8453A9B22}.Release|Any CPU.ActiveCfg = Release|Any CPU
		{60F4EAC5-B4A0-4830-9427-E8E8453A9B22}.Release|Any CPU.Build.0 = Release|Any CPU
		{60F4EAC5-B4A0-4830-9427-E8E8453A9B22}.Release|x64.ActiveCfg = Release|Any CPU
		{60F4EAC5-B4A0-4830-9427-E8E8453A9B22}.Release|x64.Build.0 = Release|Any CPU
		{60F4EAC5-B4A0-4830-9427-E8E8453A9B22}.Release|x86.ActiveCfg = Release|Any CPU
		{60F4EAC5-B4A0-4830-9427-E8E8453A9B22}.Release|x86.Build.0 = Release|Any CPU
		{CB25EFB3-EFF4-4A03-AB59-F98C0794BC26}.Debug|Any CPU.ActiveCfg = Debug|Any CPU
		{CB25EFB3-EFF4-4A03-AB59-F98C0794BC26}.Debug|Any CPU.Build.0 = Debug|Any CPU
		{CB25EFB3-EFF4-4A03-AB59-F98C0794BC26}.Debug|x64.ActiveCfg = Debug|Any CPU
		{CB25EFB3-EFF4-4A03-AB59-F98C0794BC26}.Debug|x64.Build.0 = Debug|Any CPU
		{CB25EFB3-EFF4-4A03-AB59-F98C0794BC26}.Debug|x86.ActiveCfg = Debug|Any CPU
		{CB25EFB3-EFF4-4A03-AB59-F98C0794BC26}.Debug|x86.Build.0 = Debug|Any CPU
		{CB25EFB3-EFF4-4A03-AB59-F98C0794BC26}.Release|Any CPU.ActiveCfg = Release|Any CPU
		{CB25EFB3-EFF4-4A03-AB59-F98C0794BC26}.Release|Any CPU.Build.0 = Release|Any CPU
		{CB25EFB3-EFF4-4A03-AB59-F98C0794BC26}.Release|x64.ActiveCfg = Release|Any CPU
		{CB25EFB3-EFF4-4A03-AB59-F98C0794BC26}.Release|x64.Build.0 = Release|Any CPU
		{CB25EFB3-EFF4-4A03-AB59-F98C0794BC26}.Release|x86.ActiveCfg = Release|Any CPU
		{CB25EFB3-EFF4-4A03-AB59-F98C0794BC26}.Release|x86.Build.0 = Release|Any CPU
		{57A117AD-15C9-4F7C-9AFA-604DE26BB2AF}.Debug|Any CPU.ActiveCfg = Debug|Any CPU
		{57A117AD-15C9-4F7C-9AFA-604DE26BB2AF}.Debug|Any CPU.Build.0 = Debug|Any CPU
		{57A117AD-15C9-4F7C-9AFA-604DE26BB2AF}.Debug|x64.ActiveCfg = Debug|Any CPU
		{57A117AD-15C9-4F7C-9AFA-604DE26BB2AF}.Debug|x64.Build.0 = Debug|Any CPU
		{57A117AD-15C9-4F7C-9AFA-604DE26BB2AF}.Debug|x86.ActiveCfg = Debug|Any CPU
		{57A117AD-15C9-4F7C-9AFA-604DE26BB2AF}.Debug|x86.Build.0 = Debug|Any CPU
		{57A117AD-15C9-4F7C-9AFA-604DE26BB2AF}.Release|Any CPU.ActiveCfg = Release|Any CPU
		{57A117AD-15C9-4F7C-9AFA-604DE26BB2AF}.Release|Any CPU.Build.0 = Release|Any CPU
		{57A117AD-15C9-4F7C-9AFA-604DE26BB2AF}.Release|x64.ActiveCfg = Release|Any CPU
		{57A117AD-15C9-4F7C-9AFA-604DE26BB2AF}.Release|x64.Build.0 = Release|Any CPU
		{57A117AD-15C9-4F7C-9AFA-604DE26BB2AF}.Release|x86.ActiveCfg = Release|Any CPU
		{57A117AD-15C9-4F7C-9AFA-604DE26BB2AF}.Release|x86.Build.0 = Release|Any CPU
	EndGlobalSection
	GlobalSection(SolutionProperties) = preSolution
		HideSolutionNode = FALSE
	EndGlobalSection
	GlobalSection(NestedProjects) = preSolution
		{8A33DBD8-C216-492A-82D7-867103DA496E} = {827E0CD3-B72D-47B6-A68D-7590B98EB39B}
		{DBFBB8B4-AC4E-477A-9BDD-2AA8930D5231} = {827E0CD3-B72D-47B6-A68D-7590B98EB39B}
		{82703C6A-CFBE-4242-BFDA-C2807595E4C4} = {827E0CD3-B72D-47B6-A68D-7590B98EB39B}
		{DCF23716-BD23-4ECE-B855-EE55298B5D68} = {827E0CD3-B72D-47B6-A68D-7590B98EB39B}
		{B7D512E9-F4E5-4A1D-99C4-7ABEEBDB559E} = {827E0CD3-B72D-47B6-A68D-7590B98EB39B}
		{60F4EAC5-B4A0-4830-9427-E8E8453A9B22} = {827E0CD3-B72D-47B6-A68D-7590B98EB39B}
		{CB25EFB3-EFF4-4A03-AB59-F98C0794BC26} = {827E0CD3-B72D-47B6-A68D-7590B98EB39B}
		{57A117AD-15C9-4F7C-9AFA-604DE26BB2AF} = {827E0CD3-B72D-47B6-A68D-7590B98EB39B}
	EndGlobalSection
EndGlobal
